<?xml version="1.0" encoding="utf-8"?>
<Project ToolsVersion="Current" xmlns="http://schemas.microsoft.com/developer/msbuild/2003">
  <ItemGroup>
    <ClCompile Include="main.cpp" />
    <ClCompile Include="Channel.cpp">
      <Filter>Channel</Filter>
    </ClCompile>
    <ClCompile Include="Dispatcher.cpp">
      <Filter>Dispatcher</Filter>
    </ClCompile>
    <ClCompile Include="EventLoop.cpp">
      <Filter>EventLoop</Filter>
    </ClCompile>
    <ClCompile Include="EpollDispatcher.cpp">
      <Filter>EpollDispatcher</Filter>
    </ClCompile>
    <ClCompile Include="SelectDispatcher.cpp">
      <Filter>SelectDispatcher</Filter>
    </ClCompile>
    <ClCompile Include="PollDispatcher.cpp">
      <Filter>PollDispatcher</Filter>
    </ClCompile>
    <ClCompile Include="Buffer.cpp">
      <Filter>Buffer</Filter>
    </ClCompile>
    <ClCompile Include="ThreadPool.cpp">
      <Filter>ThreadPool</Filter>
    </ClCompile>
    <ClCompile Include="WorkerThread.cpp">
      <Filter>WorkerThread</Filter>
    </ClCompile>
    <ClCompile Include="HttpRequest.cpp">
      <Filter>HttpRequest</Filter>
    </ClCompile>
    <ClCompile Include="HttpResponse.cpp">
      <Filter>HttpResponse</Filter>
    </ClCompile>
    <ClCompile Include="TcpConnection.cpp">
      <Filter>TcpConnection</Filter>
    </ClCompile>
    <ClCompile Include="TcpServer.cpp">
      <Filter>TcpServer</Filter>
    </ClCompile>
  </ItemGroup>
  <ItemGroup>
    <Filter Include="Channel">
      <UniqueIdentifier>{c653c409-2afb-4dea-aa3f-826c35d287cc}</UniqueIdentifier>
    </Filter>
    <Filter Include="Dispatcher">
      <UniqueIdentifier>{fd9ea948-ffee-4aa0-b5b1-8f72ebbb3c58}</UniqueIdentifier>
    </Filter>
    <Filter Include="EventLoop">
      <UniqueIdentifier>{85bd97bb-bae4-4876-883b-9ac324b7fe04}</UniqueIdentifier>
    </Filter>
    <Filter Include="EpollDispatcher">
      <UniqueIdentifier>{2b912928-b82e-4756-92d5-057b5fd76f35}</UniqueIdentifier>
    </Filter>
    <Filter Include="PollDispatcher">
      <UniqueIdentifier>{9570063b-cb41-4fb9-8618-36acddd2054c}</UniqueIdentifier>
    </Filter>
    <Filter Include="SelectDispatcher">
      <UniqueIdentifier>{c77a6210-cb45-4387-91e2-4105a5e7f5b5}</UniqueIdentifier>
    </Filter>
    <Filter Include="Buffer">
      <UniqueIdentifier>{e023621b-aef8-4b31-94fa-be449023ed37}</UniqueIdentifier>
    </Filter>
    <Filter Include="ThreadPool">
      <UniqueIdentifier>{14d7abbe-5e8a-4424-96fe-24bfb9eed395}</UniqueIdentifier>
    </Filter>
    <Filter Include="WorkerThread">
      <UniqueIdentifier>{2045ebfc-4895-4576-99b2-45acbc6b689f}</UniqueIdentifier>
    </Filter>
    <Filter Include="HttpRequest">
      <UniqueIdentifier>{d7193c25-3140-4fcb-867f-e50e9823fe4e}</UniqueIdentifier>
    </Filter>
    <Filter Include="HttpResponse">
      <UniqueIdentifier>{9ba0f544-ccbf-4485-aaa2-f022042043f5}</UniqueIdentifier>
    </Filter>
    <Filter Include="TcpConnection">
      <UniqueIdentifier>{f6fcab2b-4e0c-4172-b28f-d7a09e687777}</UniqueIdentifier>
    </Filter>
    <Filter Include="TcpServer">
      <UniqueIdentifier>{11de8770-17de-4272-a72f-bc5667827b0c}</UniqueIdentifier>
    </Filter>
  </ItemGroup>
  <ItemGroup>
    <ClInclude Include="Channel.h">
      <Filter>Channel</Filter>
    </ClInclude>
    <ClInclude Include="Dispatcher.h">
      <Filter>Dispatcher</Filter>
    </ClInclude>
    <ClInclude Include="EventLoop.h">
      <Filter>EventLoop</Filter>
    </ClInclude>
    <ClInclude Include="EpollDispatcher.h">
      <Filter>EpollDispatcher</Filter>
    </ClInclude>
    <ClInclude Include="SelectDispatcher.h">
      <Filter>SelectDispatcher</Filter>
    </ClInclude>
    <ClInclude Include="PollDispatcher.h">
      <Filter>PollDispatcher</Filter>
    </ClInclude>
    <ClInclude Include="Buffer.h">
      <Filter>Buffer</Filter>
    </ClInclude>
    <ClInclude Include="ThreadPool.h">
      <Filter>ThreadPool</Filter>
    </ClInclude>
    <ClInclude Include="WorkerThread.h">
      <Filter>WorkerThread</Filter>
    </ClInclude>
    <ClInclude Include="HttpRequest.h">
      <Filter>HttpRequest</Filter>
    </ClInclude>
    <ClInclude Include="HttpResponse.h">
      <Filter>HttpResponse</Filter>
    </ClInclude>
    <ClInclude Include="Log.h" />
    <ClInclude Include="TcpConnection.h">
      <Filter>TcpConnection</Filter>
    </ClInclude>
    <ClInclude Include="TcpServer.h">
      <Filter>TcpServer</Filter>
    </ClInclude>
  </ItemGroup>
</Project>